// !$*UTF8*$!
{
	archiveVersion = 1;
	classes = {
	};
	objectVersion = 51;
	objects = {

/* Begin PBXBuildFile section */
		1A10D24296291939D2FFB60D /* Pods_Stage2_Lection1a_AntonChebaniukTests.framework in Frameworks */ = {isa = PBXBuildFile; fileRef = AEE0F43B2AAA6FBA5630EC3D /* Pods_Stage2_Lection1a_AntonChebaniukTests.framework */; };
		60C7792625B5C0A600C0138D /* Days.swift in Sources */ = {isa = PBXBuildFile; fileRef = 60C7792525B5C0A600C0138D /* Days.swift */; };
		82D5B3AA28BFF8656392F893 /* Pods_Stage2_Lection1a_AntonChebaniuk_Stage2_Lection1a_AntonChebaniukUITests.framework in Frameworks */ = {isa = PBXBuildFile; fileRef = 46BF2EBC661909CDB14BBC84 /* Pods_Stage2_Lection1a_AntonChebaniuk_Stage2_Lection1a_AntonChebaniukUITests.framework */; };
		BB137F9625C02E0300657104 /* FriendsViewController.swift in Sources */ = {isa = PBXBuildFile; fileRef = BB137F9525C02E0300657104 /* FriendsViewController.swift */; };
		BB147499259E522B00F82D68 /* Users.swift in Sources */ = {isa = PBXBuildFile; fileRef = BB147498259E522B00F82D68 /* Users.swift */; };
		BB21E6E125BE30BD00F52D03 /* NewsButtonsControl.swift in Sources */ = {isa = PBXBuildFile; fileRef = BB21E6E025BE30BD00F52D03 /* NewsButtonsControl.swift */; };
		BB2828F025B4C82F007FF4E9 /* GradientView.swift in Sources */ = {isa = PBXBuildFile; fileRef = BB2828EF25B4C82F007FF4E9 /* GradientView.swift */; };
		BB372ECA25BF58B400D5FFF9 /* HeaderView.swift in Sources */ = {isa = PBXBuildFile; fileRef = BB372EC925BF58B400D5FFF9 /* HeaderView.swift */; };
		BB372ECF25BF5FC900D5FFF9 /* HeaderView.xib in Resources */ = {isa = PBXBuildFile; fileRef = BB372ECE25BF5FC900D5FFF9 /* HeaderView.xib */; };
		BB3B361E259A6F660011397E /* FriendsTableViewCell.swift in Sources */ = {isa = PBXBuildFile; fileRef = BB3B361D259A6F660011397E /* FriendsTableViewCell.swift */; };
		BB3BF76D25B7778F0058C7C1 /* RegistrationViewController.swift in Sources */ = {isa = PBXBuildFile; fileRef = BB3BF76C25B7778F0058C7C1 /* RegistrationViewController.swift */; };
		BB426D2325AE5082004B6C85 /* Groups.swift in Sources */ = {isa = PBXBuildFile; fileRef = BB426D2225AE5082004B6C85 /* Groups.swift */; };
		BB48CFB2259A169600D2E69F /* GroupsTableViewController.swift in Sources */ = {isa = PBXBuildFile; fileRef = BB48CFB1259A169600D2E69F /* GroupsTableViewController.swift */; };
		BB4C5EB725E7D2AE00E918B7 /* PhotoDecodingVK.swift in Sources */ = {isa = PBXBuildFile; fileRef = BB4C5EB625E7D2AE00E918B7 /* PhotoDecodingVK.swift */; };
		BB4C5EBC25E7D2BC00E918B7 /* GroupDecodingVK.swift in Sources */ = {isa = PBXBuildFile; fileRef = BB4C5EBB25E7D2BC00E918B7 /* GroupDecodingVK.swift */; };
		BB4C5EC425E7D2E400E918B7 /* FriendsDecodingVK.swift in Sources */ = {isa = PBXBuildFile; fileRef = BB4C5EC325E7D2E400E918B7 /* FriendsDecodingVK.swift */; };
		BB58323125C86F0800BF9085 /* LoadingViewController.swift in Sources */ = {isa = PBXBuildFile; fileRef = BB58323025C86F0800BF9085 /* LoadingViewController.swift */; };
		BB5E6EFE25C1EE3A00C35968 /* AnimateViewController.swift in Sources */ = {isa = PBXBuildFile; fileRef = BB5E6EFD25C1EE3A00C35968 /* AnimateViewController.swift */; };
		BB63A3FD25DC4924004388DE /* VKSession.swift in Sources */ = {isa = PBXBuildFile; fileRef = BB63A3FC25DC4924004388DE /* VKSession.swift */; };
		BB6B51D725BB32FF00B1D8D0 /* NewsTableViewController.swift in Sources */ = {isa = PBXBuildFile; fileRef = BB6B51D625BB32FF00B1D8D0 /* NewsTableViewController.swift */; };
		BB6BCBEC259A3E7E00E39310 /* MyGroupsTableViewCell.swift in Sources */ = {isa = PBXBuildFile; fileRef = BB6BCBEB259A3E7E00E39310 /* MyGroupsTableViewCell.swift */; };
		BB7BE85225B4CF4100E6BF0F /* LikeViewController.swift in Sources */ = {isa = PBXBuildFile; fileRef = BB7BE85125B4CF4100E6BF0F /* LikeViewController.swift */; };
		BB7E5EB125C47E050021244C /* ProgressBarViewController.swift in Sources */ = {isa = PBXBuildFile; fileRef = BB7E5EB025C47E050021244C /* ProgressBarViewController.swift */; };
		BB84810E25910AEA00CD860F /* AppDelegate.swift in Sources */ = {isa = PBXBuildFile; fileRef = BB84810D25910AEA00CD860F /* AppDelegate.swift */; };
		BB84811025910AEA00CD860F /* SceneDelegate.swift in Sources */ = {isa = PBXBuildFile; fileRef = BB84810F25910AEA00CD860F /* SceneDelegate.swift */; };
		BB84811525910AEA00CD860F /* Main.storyboard in Resources */ = {isa = PBXBuildFile; fileRef = BB84811325910AEA00CD860F /* Main.storyboard */; };
		BB84811725910AEB00CD860F /* Assets.xcassets in Resources */ = {isa = PBXBuildFile; fileRef = BB84811625910AEB00CD860F /* Assets.xcassets */; };
		BB84811A25910AEB00CD860F /* LaunchScreen.storyboard in Resources */ = {isa = PBXBuildFile; fileRef = BB84811825910AEB00CD860F /* LaunchScreen.storyboard */; };
		BB84812525910AEB00CD860F /* Stage2_Lection1a_AntonChebaniukTests.swift in Sources */ = {isa = PBXBuildFile; fileRef = BB84812425910AEB00CD860F /* Stage2_Lection1a_AntonChebaniukTests.swift */; };
		BB84813025910AEB00CD860F /* Stage2_Lection1a_AntonChebaniukUITests.swift in Sources */ = {isa = PBXBuildFile; fileRef = BB84812F25910AEB00CD860F /* Stage2_Lection1a_AntonChebaniukUITests.swift */; };
		BB84814425910B2A00CD860F /* LoginFormController.swift in Sources */ = {isa = PBXBuildFile; fileRef = BB84814325910B2A00CD860F /* LoginFormController.swift */; };
		BB8ABA1225BDEDB600ED0D60 /* NewsTableViewCell.swift in Sources */ = {isa = PBXBuildFile; fileRef = BB8ABA1025BDEDB600ED0D60 /* NewsTableViewCell.swift */; };
		BB8ABA1325BDEDB600ED0D60 /* NewsTableViewCell.xib in Resources */ = {isa = PBXBuildFile; fileRef = BB8ABA1125BDEDB600ED0D60 /* NewsTableViewCell.xib */; };
		BB8CD1D125BE0083008AF6A1 /* News.swift in Sources */ = {isa = PBXBuildFile; fileRef = BB8CD1D025BE0083008AF6A1 /* News.swift */; };
		BB9315A025B5EB3D009531F5 /* DayPicker.swift in Sources */ = {isa = PBXBuildFile; fileRef = BB93159F25B5EB3D009531F5 /* DayPicker.swift */; };
		BB9315A525B6164A009531F5 /* LikeLogics.swift in Sources */ = {isa = PBXBuildFile; fileRef = BB9315A425B6164A009531F5 /* LikeLogics.swift */; };
		BB93817F259A1B8900E6328E /* GroupsTableViewCell.swift in Sources */ = {isa = PBXBuildFile; fileRef = BB93817E259A1B8900E6328E /* GroupsTableViewCell.swift */; };
		BB9B184225BE1FB300245BDA /* BigImageView.swift in Sources */ = {isa = PBXBuildFile; fileRef = BB9B184125BE1FB300245BDA /* BigImageView.swift */; };
		BB9B185725BE2B0200245BDA /* NumberOfViewsControl.swift in Sources */ = {isa = PBXBuildFile; fileRef = BB9B185625BE2B0200245BDA /* NumberOfViewsControl.swift */; };
		BB9B26BB259A822000686EA6 /* PersonalPageCollectionViewController.swift in Sources */ = {isa = PBXBuildFile; fileRef = BB9B26BA259A822000686EA6 /* PersonalPageCollectionViewController.swift */; };
		BB9B26C4259A861400686EA6 /* PersonalCollectionViewCell.swift in Sources */ = {isa = PBXBuildFile; fileRef = BB9B26C3259A861400686EA6 /* PersonalCollectionViewCell.swift */; };
		BB9E51DD25D1ED2000B82E35 /* UserSession.swift in Sources */ = {isa = PBXBuildFile; fileRef = BB9E51DC25D1ED2000B82E35 /* UserSession.swift */; };
		BBAEA4B725D9891E00DDCA04 /* VKViewController.swift in Sources */ = {isa = PBXBuildFile; fileRef = BBAEA4B625D9891E00DDCA04 /* VKViewController.swift */; };
		BBAF864725B0D0360084947C /* TestViewController.swift in Sources */ = {isa = PBXBuildFile; fileRef = BBAF864625B0D0360084947C /* TestViewController.swift */; };
		BBAF865025B0E13A0084947C /* TestView.swift in Sources */ = {isa = PBXBuildFile; fileRef = BBAF864F25B0E13A0084947C /* TestView.swift */; };
		BBBD2C7825DEC6250059CD50 /* NetworkManager.swift in Sources */ = {isa = PBXBuildFile; fileRef = BBBD2C7725DEC6250059CD50 /* NetworkManager.swift */; };
		BBCB616825D1E749009A8179 /* LastViewController.swift in Sources */ = {isa = PBXBuildFile; fileRef = BBCB616725D1E749009A8179 /* LastViewController.swift */; };
		BBCB617125D1E860009A8179 /* FirstViewController.swift in Sources */ = {isa = PBXBuildFile; fileRef = BBCB617025D1E860009A8179 /* FirstViewController.swift */; };
		BBCB617925D1E8BE009A8179 /* Session.swift in Sources */ = {isa = PBXBuildFile; fileRef = BBCB617825D1E8BE009A8179 /* Session.swift */; };
		BBD6E9D3259A331A00FE8C1C /* MyGroupsTableViewController.swift in Sources */ = {isa = PBXBuildFile; fileRef = BBD6E9D2259A331A00FE8C1C /* MyGroupsTableViewController.swift */; };
		BBE24BAA25B4E268006E1699 /* PhotoView.swift in Sources */ = {isa = PBXBuildFile; fileRef = BBE24BA925B4E268006E1699 /* PhotoView.swift */; };
		BBE298F025D1FC75008278E9 /* WatcherViewController.swift in Sources */ = {isa = PBXBuildFile; fileRef = BBE298EF25D1FC75008278E9 /* WatcherViewController.swift */; };
		E95F95FA0B4A322E95DFFF20 /* Pods_Stage2_Lection1a_AntonChebaniuk.framework in Frameworks */ = {isa = PBXBuildFile; fileRef = E33B37293F6EA2CC69F7D23B /* Pods_Stage2_Lection1a_AntonChebaniuk.framework */; };
/* End PBXBuildFile section */

/* Begin PBXContainerItemProxy section */
		BB84812125910AEB00CD860F /* PBXContainerItemProxy */ = {
			isa = PBXContainerItemProxy;
			containerPortal = BB84810225910AEA00CD860F /* Project object */;
			proxyType = 1;
			remoteGlobalIDString = BB84810925910AEA00CD860F;
			remoteInfo = Stage2_Lection1a_AntonChebaniuk;
		};
		BB84812C25910AEB00CD860F /* PBXContainerItemProxy */ = {
			isa = PBXContainerItemProxy;
			containerPortal = BB84810225910AEA00CD860F /* Project object */;
			proxyType = 1;
			remoteGlobalIDString = BB84810925910AEA00CD860F;
			remoteInfo = Stage2_Lection1a_AntonChebaniuk;
		};
/* End PBXContainerItemProxy section */

/* Begin PBXFileReference section */
		2636B2D225ABA4F3643C7038 /* Pods-Stage2_Lection1a_AntonChebaniuk-Stage2_Lection1a_AntonChebaniukUITests.debug.xcconfig */ = {isa = PBXFileReference; includeInIndex = 1; lastKnownFileType = text.xcconfig; name = "Pods-Stage2_Lection1a_AntonChebaniuk-Stage2_Lection1a_AntonChebaniukUITests.debug.xcconfig"; path = "Target Support Files/Pods-Stage2_Lection1a_AntonChebaniuk-Stage2_Lection1a_AntonChebaniukUITests/Pods-Stage2_Lection1a_AntonChebaniuk-Stage2_Lection1a_AntonChebaniukUITests.debug.xcconfig"; sourceTree = "<group>"; };
		2A5A6D2FAFCFC3260318E194 /* Pods-Stage2_Lection1a_AntonChebaniukTests.release.xcconfig */ = {isa = PBXFileReference; includeInIndex = 1; lastKnownFileType = text.xcconfig; name = "Pods-Stage2_Lection1a_AntonChebaniukTests.release.xcconfig"; path = "Target Support Files/Pods-Stage2_Lection1a_AntonChebaniukTests/Pods-Stage2_Lection1a_AntonChebaniukTests.release.xcconfig"; sourceTree = "<group>"; };
		46BF2EBC661909CDB14BBC84 /* Pods_Stage2_Lection1a_AntonChebaniuk_Stage2_Lection1a_AntonChebaniukUITests.framework */ = {isa = PBXFileReference; explicitFileType = wrapper.framework; includeInIndex = 0; path = Pods_Stage2_Lection1a_AntonChebaniuk_Stage2_Lection1a_AntonChebaniukUITests.framework; sourceTree = BUILT_PRODUCTS_DIR; };
		53C63B626657062CF5589F28 /* Pods-Stage2_Lection1a_AntonChebaniuk-Stage2_Lection1a_AntonChebaniukUITests.release.xcconfig */ = {isa = PBXFileReference; includeInIndex = 1; lastKnownFileType = text.xcconfig; name = "Pods-Stage2_Lection1a_AntonChebaniuk-Stage2_Lection1a_AntonChebaniukUITests.release.xcconfig"; path = "Target Support Files/Pods-Stage2_Lection1a_AntonChebaniuk-Stage2_Lection1a_AntonChebaniukUITests/Pods-Stage2_Lection1a_AntonChebaniuk-Stage2_Lection1a_AntonChebaniukUITests.release.xcconfig"; sourceTree = "<group>"; };
		60C7792525B5C0A600C0138D /* Days.swift */ = {isa = PBXFileReference; lastKnownFileType = sourcecode.swift; path = Days.swift; sourceTree = "<group>"; };
		611CE8796EAB135BACB5B0E5 /* Pods-Stage2_Lection1a_AntonChebaniuk.debug.xcconfig */ = {isa = PBXFileReference; includeInIndex = 1; lastKnownFileType = text.xcconfig; name = "Pods-Stage2_Lection1a_AntonChebaniuk.debug.xcconfig"; path = "Target Support Files/Pods-Stage2_Lection1a_AntonChebaniuk/Pods-Stage2_Lection1a_AntonChebaniuk.debug.xcconfig"; sourceTree = "<group>"; };
		834611E412E6578CE3E71B9C /* Pods-Stage2_Lection1a_AntonChebaniukTests.debug.xcconfig */ = {isa = PBXFileReference; includeInIndex = 1; lastKnownFileType = text.xcconfig; name = "Pods-Stage2_Lection1a_AntonChebaniukTests.debug.xcconfig"; path = "Target Support Files/Pods-Stage2_Lection1a_AntonChebaniukTests/Pods-Stage2_Lection1a_AntonChebaniukTests.debug.xcconfig"; sourceTree = "<group>"; };
		AEE0F43B2AAA6FBA5630EC3D /* Pods_Stage2_Lection1a_AntonChebaniukTests.framework */ = {isa = PBXFileReference; explicitFileType = wrapper.framework; includeInIndex = 0; path = Pods_Stage2_Lection1a_AntonChebaniukTests.framework; sourceTree = BUILT_PRODUCTS_DIR; };
		BB137F9525C02E0300657104 /* FriendsViewController.swift */ = {isa = PBXFileReference; lastKnownFileType = sourcecode.swift; path = FriendsViewController.swift; sourceTree = "<group>"; };
		BB147498259E522B00F82D68 /* Users.swift */ = {isa = PBXFileReference; lastKnownFileType = sourcecode.swift; path = Users.swift; sourceTree = "<group>"; };
		BB21E6E025BE30BD00F52D03 /* NewsButtonsControl.swift */ = {isa = PBXFileReference; lastKnownFileType = sourcecode.swift; path = NewsButtonsControl.swift; sourceTree = "<group>"; };
		BB2828EF25B4C82F007FF4E9 /* GradientView.swift */ = {isa = PBXFileReference; lastKnownFileType = sourcecode.swift; path = GradientView.swift; sourceTree = "<group>"; };
		BB372EC925BF58B400D5FFF9 /* HeaderView.swift */ = {isa = PBXFileReference; lastKnownFileType = sourcecode.swift; path = HeaderView.swift; sourceTree = "<group>"; };
		BB372ECE25BF5FC900D5FFF9 /* HeaderView.xib */ = {isa = PBXFileReference; lastKnownFileType = file.xib; path = HeaderView.xib; sourceTree = "<group>"; };
		BB3B361D259A6F660011397E /* FriendsTableViewCell.swift */ = {isa = PBXFileReference; lastKnownFileType = sourcecode.swift; path = FriendsTableViewCell.swift; sourceTree = "<group>"; };
		BB3BF76C25B7778F0058C7C1 /* RegistrationViewController.swift */ = {isa = PBXFileReference; lastKnownFileType = sourcecode.swift; path = RegistrationViewController.swift; sourceTree = "<group>"; };
		BB426D2225AE5082004B6C85 /* Groups.swift */ = {isa = PBXFileReference; lastKnownFileType = sourcecode.swift; path = Groups.swift; sourceTree = "<group>"; };
		BB48CFB1259A169600D2E69F /* GroupsTableViewController.swift */ = {isa = PBXFileReference; lastKnownFileType = sourcecode.swift; path = GroupsTableViewController.swift; sourceTree = "<group>"; };
		BB4C5EB625E7D2AE00E918B7 /* PhotoDecodingVK.swift */ = {isa = PBXFileReference; lastKnownFileType = sourcecode.swift; path = PhotoDecodingVK.swift; sourceTree = "<group>"; };
		BB4C5EBB25E7D2BC00E918B7 /* GroupDecodingVK.swift */ = {isa = PBXFileReference; lastKnownFileType = sourcecode.swift; path = GroupDecodingVK.swift; sourceTree = "<group>"; };
		BB4C5EC325E7D2E400E918B7 /* FriendsDecodingVK.swift */ = {isa = PBXFileReference; lastKnownFileType = sourcecode.swift; path = FriendsDecodingVK.swift; sourceTree = "<group>"; };
		BB58323025C86F0800BF9085 /* LoadingViewController.swift */ = {isa = PBXFileReference; lastKnownFileType = sourcecode.swift; path = LoadingViewController.swift; sourceTree = "<group>"; };
		BB5E6EFD25C1EE3A00C35968 /* AnimateViewController.swift */ = {isa = PBXFileReference; lastKnownFileType = sourcecode.swift; path = AnimateViewController.swift; sourceTree = "<group>"; };
		BB63A3FC25DC4924004388DE /* VKSession.swift */ = {isa = PBXFileReference; lastKnownFileType = sourcecode.swift; path = VKSession.swift; sourceTree = "<group>"; };
		BB6B51D625BB32FF00B1D8D0 /* NewsTableViewController.swift */ = {isa = PBXFileReference; lastKnownFileType = sourcecode.swift; path = NewsTableViewController.swift; sourceTree = "<group>"; };
		BB6BCBEB259A3E7E00E39310 /* MyGroupsTableViewCell.swift */ = {isa = PBXFileReference; lastKnownFileType = sourcecode.swift; path = MyGroupsTableViewCell.swift; sourceTree = "<group>"; };
		BB7BE85125B4CF4100E6BF0F /* LikeViewController.swift */ = {isa = PBXFileReference; lastKnownFileType = sourcecode.swift; path = LikeViewController.swift; sourceTree = "<group>"; };
		BB7E5EB025C47E050021244C /* ProgressBarViewController.swift */ = {isa = PBXFileReference; lastKnownFileType = sourcecode.swift; path = ProgressBarViewController.swift; sourceTree = "<group>"; };
		BB84810A25910AEA00CD860F /* Stage2_Lection1a_AntonChebaniuk.app */ = {isa = PBXFileReference; explicitFileType = wrapper.application; includeInIndex = 0; path = Stage2_Lection1a_AntonChebaniuk.app; sourceTree = BUILT_PRODUCTS_DIR; };
		BB84810D25910AEA00CD860F /* AppDelegate.swift */ = {isa = PBXFileReference; lastKnownFileType = sourcecode.swift; path = AppDelegate.swift; sourceTree = "<group>"; };
		BB84810F25910AEA00CD860F /* SceneDelegate.swift */ = {isa = PBXFileReference; lastKnownFileType = sourcecode.swift; path = SceneDelegate.swift; sourceTree = "<group>"; };
		BB84811425910AEA00CD860F /* Base */ = {isa = PBXFileReference; lastKnownFileType = file.storyboard; name = Base; path = Base.lproj/Main.storyboard; sourceTree = "<group>"; };
		BB84811625910AEB00CD860F /* Assets.xcassets */ = {isa = PBXFileReference; lastKnownFileType = folder.assetcatalog; path = Assets.xcassets; sourceTree = "<group>"; };
		BB84811925910AEB00CD860F /* Base */ = {isa = PBXFileReference; lastKnownFileType = file.storyboard; name = Base; path = Base.lproj/LaunchScreen.storyboard; sourceTree = "<group>"; };
		BB84811B25910AEB00CD860F /* Info.plist */ = {isa = PBXFileReference; lastKnownFileType = text.plist.xml; path = Info.plist; sourceTree = "<group>"; };
		BB84812025910AEB00CD860F /* Stage2_Lection1a_AntonChebaniukTests.xctest */ = {isa = PBXFileReference; explicitFileType = wrapper.cfbundle; includeInIndex = 0; path = Stage2_Lection1a_AntonChebaniukTests.xctest; sourceTree = BUILT_PRODUCTS_DIR; };
		BB84812425910AEB00CD860F /* Stage2_Lection1a_AntonChebaniukTests.swift */ = {isa = PBXFileReference; lastKnownFileType = sourcecode.swift; path = Stage2_Lection1a_AntonChebaniukTests.swift; sourceTree = "<group>"; };
		BB84812625910AEB00CD860F /* Info.plist */ = {isa = PBXFileReference; lastKnownFileType = text.plist.xml; path = Info.plist; sourceTree = "<group>"; };
		BB84812B25910AEB00CD860F /* Stage2_Lection1a_AntonChebaniukUITests.xctest */ = {isa = PBXFileReference; explicitFileType = wrapper.cfbundle; includeInIndex = 0; path = Stage2_Lection1a_AntonChebaniukUITests.xctest; sourceTree = BUILT_PRODUCTS_DIR; };
		BB84812F25910AEB00CD860F /* Stage2_Lection1a_AntonChebaniukUITests.swift */ = {isa = PBXFileReference; lastKnownFileType = sourcecode.swift; path = Stage2_Lection1a_AntonChebaniukUITests.swift; sourceTree = "<group>"; };
		BB84813125910AEB00CD860F /* Info.plist */ = {isa = PBXFileReference; lastKnownFileType = text.plist.xml; path = Info.plist; sourceTree = "<group>"; };
		BB84814325910B2A00CD860F /* LoginFormController.swift */ = {isa = PBXFileReference; lastKnownFileType = sourcecode.swift; path = LoginFormController.swift; sourceTree = "<group>"; };
		BB8ABA1025BDEDB600ED0D60 /* NewsTableViewCell.swift */ = {isa = PBXFileReference; lastKnownFileType = sourcecode.swift; path = NewsTableViewCell.swift; sourceTree = "<group>"; };
		BB8ABA1125BDEDB600ED0D60 /* NewsTableViewCell.xib */ = {isa = PBXFileReference; lastKnownFileType = file.xib; path = NewsTableViewCell.xib; sourceTree = "<group>"; };
		BB8CD1D025BE0083008AF6A1 /* News.swift */ = {isa = PBXFileReference; lastKnownFileType = sourcecode.swift; path = News.swift; sourceTree = "<group>"; };
		BB93159F25B5EB3D009531F5 /* DayPicker.swift */ = {isa = PBXFileReference; lastKnownFileType = sourcecode.swift; path = DayPicker.swift; sourceTree = "<group>"; };
		BB9315A425B6164A009531F5 /* LikeLogics.swift */ = {isa = PBXFileReference; lastKnownFileType = sourcecode.swift; path = LikeLogics.swift; sourceTree = "<group>"; };
		BB93817E259A1B8900E6328E /* GroupsTableViewCell.swift */ = {isa = PBXFileReference; lastKnownFileType = sourcecode.swift; path = GroupsTableViewCell.swift; sourceTree = "<group>"; };
		BB9B184125BE1FB300245BDA /* BigImageView.swift */ = {isa = PBXFileReference; lastKnownFileType = sourcecode.swift; path = BigImageView.swift; sourceTree = "<group>"; };
		BB9B185625BE2B0200245BDA /* NumberOfViewsControl.swift */ = {isa = PBXFileReference; lastKnownFileType = sourcecode.swift; path = NumberOfViewsControl.swift; sourceTree = "<group>"; };
		BB9B26BA259A822000686EA6 /* PersonalPageCollectionViewController.swift */ = {isa = PBXFileReference; lastKnownFileType = sourcecode.swift; path = PersonalPageCollectionViewController.swift; sourceTree = "<group>"; };
		BB9B26C3259A861400686EA6 /* PersonalCollectionViewCell.swift */ = {isa = PBXFileReference; lastKnownFileType = sourcecode.swift; path = PersonalCollectionViewCell.swift; sourceTree = "<group>"; };
		BB9E51DC25D1ED2000B82E35 /* UserSession.swift */ = {isa = PBXFileReference; lastKnownFileType = sourcecode.swift; path = UserSession.swift; sourceTree = "<group>"; };
		BBAEA4B625D9891E00DDCA04 /* VKViewController.swift */ = {isa = PBXFileReference; lastKnownFileType = sourcecode.swift; path = VKViewController.swift; sourceTree = "<group>"; };
		BBAF864625B0D0360084947C /* TestViewController.swift */ = {isa = PBXFileReference; lastKnownFileType = sourcecode.swift; path = TestViewController.swift; sourceTree = "<group>"; };
		BBAF864F25B0E13A0084947C /* TestView.swift */ = {isa = PBXFileReference; lastKnownFileType = sourcecode.swift; path = TestView.swift; sourceTree = "<group>"; };
		BBBD2C7725DEC6250059CD50 /* NetworkManager.swift */ = {isa = PBXFileReference; lastKnownFileType = sourcecode.swift; path = NetworkManager.swift; sourceTree = "<group>"; };
		BBCB616725D1E749009A8179 /* LastViewController.swift */ = {isa = PBXFileReference; lastKnownFileType = sourcecode.swift; path = LastViewController.swift; sourceTree = "<group>"; };
		BBCB617025D1E860009A8179 /* FirstViewController.swift */ = {isa = PBXFileReference; lastKnownFileType = sourcecode.swift; path = FirstViewController.swift; sourceTree = "<group>"; };
		BBCB617825D1E8BE009A8179 /* Session.swift */ = {isa = PBXFileReference; lastKnownFileType = sourcecode.swift; path = Session.swift; sourceTree = "<group>"; };
		BBD6E9D2259A331A00FE8C1C /* MyGroupsTableViewController.swift */ = {isa = PBXFileReference; lastKnownFileType = sourcecode.swift; path = MyGroupsTableViewController.swift; sourceTree = "<group>"; };
		BBE24BA925B4E268006E1699 /* PhotoView.swift */ = {isa = PBXFileReference; lastKnownFileType = sourcecode.swift; path = PhotoView.swift; sourceTree = "<group>"; };
		BBE298EF25D1FC75008278E9 /* WatcherViewController.swift */ = {isa = PBXFileReference; lastKnownFileType = sourcecode.swift; path = WatcherViewController.swift; sourceTree = "<group>"; };
		C098598BAE39B2E846B53C3D /* Pods-Stage2_Lection1a_AntonChebaniuk.release.xcconfig */ = {isa = PBXFileReference; includeInIndex = 1; lastKnownFileType = text.xcconfig; name = "Pods-Stage2_Lection1a_AntonChebaniuk.release.xcconfig"; path = "Target Support Files/Pods-Stage2_Lection1a_AntonChebaniuk/Pods-Stage2_Lection1a_AntonChebaniuk.release.xcconfig"; sourceTree = "<group>"; };
		E33B37293F6EA2CC69F7D23B /* Pods_Stage2_Lection1a_AntonChebaniuk.framework */ = {isa = PBXFileReference; explicitFileType = wrapper.framework; includeInIndex = 0; path = Pods_Stage2_Lection1a_AntonChebaniuk.framework; sourceTree = BUILT_PRODUCTS_DIR; };
/* End PBXFileReference section */

/* Begin PBXFrameworksBuildPhase section */
		BB84810725910AEA00CD860F /* Frameworks */ = {
			isa = PBXFrameworksBuildPhase;
			buildActionMask = 2147483647;
			files = (
				E95F95FA0B4A322E95DFFF20 /* Pods_Stage2_Lection1a_AntonChebaniuk.framework in Frameworks */,
			);
			runOnlyForDeploymentPostprocessing = 0;
		};
		BB84811D25910AEB00CD860F /* Frameworks */ = {
			isa = PBXFrameworksBuildPhase;
			buildActionMask = 2147483647;
			files = (
				1A10D24296291939D2FFB60D /* Pods_Stage2_Lection1a_AntonChebaniukTests.framework in Frameworks */,
			);
			runOnlyForDeploymentPostprocessing = 0;
		};
		BB84812825910AEB00CD860F /* Frameworks */ = {
			isa = PBXFrameworksBuildPhase;
			buildActionMask = 2147483647;
			files = (
				82D5B3AA28BFF8656392F893 /* Pods_Stage2_Lection1a_AntonChebaniuk_Stage2_Lection1a_AntonChebaniukUITests.framework in Frameworks */,
			);
			runOnlyForDeploymentPostprocessing = 0;
		};
/* End PBXFrameworksBuildPhase section */

/* Begin PBXGroup section */
		88881B2E558E06E93A2E4B2F /* Pods */ = {
			isa = PBXGroup;
			children = (
				611CE8796EAB135BACB5B0E5 /* Pods-Stage2_Lection1a_AntonChebaniuk.debug.xcconfig */,
				C098598BAE39B2E846B53C3D /* Pods-Stage2_Lection1a_AntonChebaniuk.release.xcconfig */,
				2636B2D225ABA4F3643C7038 /* Pods-Stage2_Lection1a_AntonChebaniuk-Stage2_Lection1a_AntonChebaniukUITests.debug.xcconfig */,
				53C63B626657062CF5589F28 /* Pods-Stage2_Lection1a_AntonChebaniuk-Stage2_Lection1a_AntonChebaniukUITests.release.xcconfig */,
				834611E412E6578CE3E71B9C /* Pods-Stage2_Lection1a_AntonChebaniukTests.debug.xcconfig */,
				2A5A6D2FAFCFC3260318E194 /* Pods-Stage2_Lection1a_AntonChebaniukTests.release.xcconfig */,
			);
			path = Pods;
			sourceTree = "<group>";
		};
		89D9EFD1CE728D648A4B1272 /* Frameworks */ = {
			isa = PBXGroup;
			children = (
				E33B37293F6EA2CC69F7D23B /* Pods_Stage2_Lection1a_AntonChebaniuk.framework */,
				46BF2EBC661909CDB14BBC84 /* Pods_Stage2_Lection1a_AntonChebaniuk_Stage2_Lection1a_AntonChebaniukUITests.framework */,
				AEE0F43B2AAA6FBA5630EC3D /* Pods_Stage2_Lection1a_AntonChebaniukTests.framework */,
			);
			name = Frameworks;
			sourceTree = "<group>";
		};
		BB147497259E51D400F82D68 /* Model */ = {
			isa = PBXGroup;
			children = (
				BB4C5EC325E7D2E400E918B7 /* FriendsDecodingVK.swift */,
				BB4C5EB625E7D2AE00E918B7 /* PhotoDecodingVK.swift */,
				BB4C5EBB25E7D2BC00E918B7 /* GroupDecodingVK.swift */,
				BB147498259E522B00F82D68 /* Users.swift */,
				BB9E51DC25D1ED2000B82E35 /* UserSession.swift */,
				BB426D2225AE5082004B6C85 /* Groups.swift */,
				BB8CD1D025BE0083008AF6A1 /* News.swift */,
				BB63A3FC25DC4924004388DE /* VKSession.swift */,
				BBBD2C7725DEC6250059CD50 /* NetworkManager.swift */,
			);
			path = Model;
			sourceTree = "<group>";
		};
		BB3BF77125B777AB0058C7C1 /* ViewControllers */ = {
			isa = PBXGroup;
			children = (
				BBE298EF25D1FC75008278E9 /* WatcherViewController.swift */,
				BB137F9525C02E0300657104 /* FriendsViewController.swift */,
				BB84814325910B2A00CD860F /* LoginFormController.swift */,
				BB3BF76C25B7778F0058C7C1 /* RegistrationViewController.swift */,
				BB58323025C86F0800BF9085 /* LoadingViewController.swift */,
				BBAEA4B625D9891E00DDCA04 /* VKViewController.swift */,
			);
			path = ViewControllers;
			sourceTree = "<group>";
		};
		BB6B51F625BB350500B1D8D0 /* XIB */ = {
			isa = PBXGroup;
			children = (
				BB8ABA1125BDEDB600ED0D60 /* NewsTableViewCell.xib */,
			);
			path = XIB;
			sourceTree = "<group>";
		};
		BB84810125910AEA00CD860F = {
			isa = PBXGroup;
			children = (
				BB84810C25910AEA00CD860F /* Stage2_Lection1a_AntonChebaniuk */,
				BB84812325910AEB00CD860F /* Stage2_Lection1a_AntonChebaniukTests */,
				BB84812E25910AEB00CD860F /* Stage2_Lection1a_AntonChebaniukUITests */,
				BB84810B25910AEA00CD860F /* Products */,
				88881B2E558E06E93A2E4B2F /* Pods */,
				89D9EFD1CE728D648A4B1272 /* Frameworks */,
			);
			sourceTree = "<group>";
		};
		BB84810B25910AEA00CD860F /* Products */ = {
			isa = PBXGroup;
			children = (
				BB84810A25910AEA00CD860F /* Stage2_Lection1a_AntonChebaniuk.app */,
				BB84812025910AEB00CD860F /* Stage2_Lection1a_AntonChebaniukTests.xctest */,
				BB84812B25910AEB00CD860F /* Stage2_Lection1a_AntonChebaniukUITests.xctest */,
			);
			name = Products;
			sourceTree = "<group>";
		};
		BB84810C25910AEA00CD860F /* Stage2_Lection1a_AntonChebaniuk */ = {
			isa = PBXGroup;
			children = (
				BB6B51F625BB350500B1D8D0 /* XIB */,
				BB9315A925B6166E009531F5 /* Logics */,
				BB147497259E51D400F82D68 /* Model */,
				BBE24B9A25B4E0A9006E1699 /* View */,
				BB93817D259A1B3900E6328E /* Cells */,
				BBD6E9D7259A332A00FE8C1C /* TableViewControllers */,
				BB9B26BF259A822F00686EA6 /* CollectionViewControllers */,
				BBAF864B25B0D0440084947C /* Test */,
				BB84810F25910AEA00CD860F /* SceneDelegate.swift */,
				BB84810D25910AEA00CD860F /* AppDelegate.swift */,
				BB3BF77125B777AB0058C7C1 /* ViewControllers */,
				BB84811325910AEA00CD860F /* Main.storyboard */,
				BBCB616C25D1E752009A8179 /* Singleton Example */,
				BB7E5EB025C47E050021244C /* ProgressBarViewController.swift */,
				BB84811625910AEB00CD860F /* Assets.xcassets */,
				BB84811825910AEB00CD860F /* LaunchScreen.storyboard */,
				BB84811B25910AEB00CD860F /* Info.plist */,
			);
			path = Stage2_Lection1a_AntonChebaniuk;
			sourceTree = "<group>";
		};
		BB84812325910AEB00CD860F /* Stage2_Lection1a_AntonChebaniukTests */ = {
			isa = PBXGroup;
			children = (
				BB84812425910AEB00CD860F /* Stage2_Lection1a_AntonChebaniukTests.swift */,
				BB84812625910AEB00CD860F /* Info.plist */,
			);
			path = Stage2_Lection1a_AntonChebaniukTests;
			sourceTree = "<group>";
		};
		BB84812E25910AEB00CD860F /* Stage2_Lection1a_AntonChebaniukUITests */ = {
			isa = PBXGroup;
			children = (
				BB84812F25910AEB00CD860F /* Stage2_Lection1a_AntonChebaniukUITests.swift */,
				BB84813125910AEB00CD860F /* Info.plist */,
			);
			path = Stage2_Lection1a_AntonChebaniukUITests;
			sourceTree = "<group>";
		};
		BB9315A925B6166E009531F5 /* Logics */ = {
			isa = PBXGroup;
			children = (
				BB9315A425B6164A009531F5 /* LikeLogics.swift */,
				BB9B185625BE2B0200245BDA /* NumberOfViewsControl.swift */,
				BB21E6E025BE30BD00F52D03 /* NewsButtonsControl.swift */,
			);
			path = Logics;
			sourceTree = "<group>";
		};
		BB93817D259A1B3900E6328E /* Cells */ = {
			isa = PBXGroup;
			children = (
				BB93817E259A1B8900E6328E /* GroupsTableViewCell.swift */,
				BB6BCBEB259A3E7E00E39310 /* MyGroupsTableViewCell.swift */,
				BB3B361D259A6F660011397E /* FriendsTableViewCell.swift */,
				BB9B26C3259A861400686EA6 /* PersonalCollectionViewCell.swift */,
				BB8ABA1025BDEDB600ED0D60 /* NewsTableViewCell.swift */,
			);
			path = Cells;
			sourceTree = "<group>";
		};
		BB9B26BF259A822F00686EA6 /* CollectionViewControllers */ = {
			isa = PBXGroup;
			children = (
				BB9B26BA259A822000686EA6 /* PersonalPageCollectionViewController.swift */,
			);
			path = CollectionViewControllers;
			sourceTree = "<group>";
		};
		BBAF864B25B0D0440084947C /* Test */ = {
			isa = PBXGroup;
			children = (
				BB5E6EFD25C1EE3A00C35968 /* AnimateViewController.swift */,
				BBAF864625B0D0360084947C /* TestViewController.swift */,
				BBAF864F25B0E13A0084947C /* TestView.swift */,
				BB2828EF25B4C82F007FF4E9 /* GradientView.swift */,
				BB7BE85125B4CF4100E6BF0F /* LikeViewController.swift */,
				60C7792525B5C0A600C0138D /* Days.swift */,
				BB93159F25B5EB3D009531F5 /* DayPicker.swift */,
			);
			path = Test;
			sourceTree = "<group>";
		};
		BBCB616C25D1E752009A8179 /* Singleton Example */ = {
			isa = PBXGroup;
			children = (
				BBCB617825D1E8BE009A8179 /* Session.swift */,
				BBCB617025D1E860009A8179 /* FirstViewController.swift */,
				BBCB616725D1E749009A8179 /* LastViewController.swift */,
			);
			path = "Singleton Example";
			sourceTree = "<group>";
		};
		BBD6E9D7259A332A00FE8C1C /* TableViewControllers */ = {
			isa = PBXGroup;
			children = (
				BB48CFB1259A169600D2E69F /* GroupsTableViewController.swift */,
				BBD6E9D2259A331A00FE8C1C /* MyGroupsTableViewController.swift */,
				BB6B51D625BB32FF00B1D8D0 /* NewsTableViewController.swift */,
			);
			path = TableViewControllers;
			sourceTree = "<group>";
		};
		BBE24B9A25B4E0A9006E1699 /* View */ = {
			isa = PBXGroup;
			children = (
				BBE24BA925B4E268006E1699 /* PhotoView.swift */,
				BB9B184125BE1FB300245BDA /* BigImageView.swift */,
				BB372EC925BF58B400D5FFF9 /* HeaderView.swift */,
				BB372ECE25BF5FC900D5FFF9 /* HeaderView.xib */,
			);
			path = View;
			sourceTree = "<group>";
		};
/* End PBXGroup section */

/* Begin PBXNativeTarget section */
		BB84810925910AEA00CD860F /* Stage2_Lection1a_AntonChebaniuk */ = {
			isa = PBXNativeTarget;
			buildConfigurationList = BB84813425910AEB00CD860F /* Build configuration list for PBXNativeTarget "Stage2_Lection1a_AntonChebaniuk" */;
			buildPhases = (
				79AE3313D20F1C3A12DA1290 /* [CP] Check Pods Manifest.lock */,
				BB84810625910AEA00CD860F /* Sources */,
				BB84810725910AEA00CD860F /* Frameworks */,
				BB84810825910AEA00CD860F /* Resources */,
				006C961BB487196132964418 /* [CP] Embed Pods Frameworks */,
			);
			buildRules = (
			);
			dependencies = (
			);
			name = Stage2_Lection1a_AntonChebaniuk;
			productName = Stage2_Lection1a_AntonChebaniuk;
			productReference = BB84810A25910AEA00CD860F /* Stage2_Lection1a_AntonChebaniuk.app */;
			productType = "com.apple.product-type.application";
		};
		BB84811F25910AEB00CD860F /* Stage2_Lection1a_AntonChebaniukTests */ = {
			isa = PBXNativeTarget;
			buildConfigurationList = BB84813725910AEB00CD860F /* Build configuration list for PBXNativeTarget "Stage2_Lection1a_AntonChebaniukTests" */;
			buildPhases = (
				614E858F19831ED8BAB427F8 /* [CP] Check Pods Manifest.lock */,
				BB84811C25910AEB00CD860F /* Sources */,
				BB84811D25910AEB00CD860F /* Frameworks */,
				BB84811E25910AEB00CD860F /* Resources */,
			);
			buildRules = (
			);
			dependencies = (
				BB84812225910AEB00CD860F /* PBXTargetDependency */,
			);
			name = Stage2_Lection1a_AntonChebaniukTests;
			productName = Stage2_Lection1a_AntonChebaniukTests;
			productReference = BB84812025910AEB00CD860F /* Stage2_Lection1a_AntonChebaniukTests.xctest */;
			productType = "com.apple.product-type.bundle.unit-test";
		};
		BB84812A25910AEB00CD860F /* Stage2_Lection1a_AntonChebaniukUITests */ = {
			isa = PBXNativeTarget;
			buildConfigurationList = BB84813A25910AEB00CD860F /* Build configuration list for PBXNativeTarget "Stage2_Lection1a_AntonChebaniukUITests" */;
			buildPhases = (
				5C781D431B63D29CC1CA400D /* [CP] Check Pods Manifest.lock */,
				BB84812725910AEB00CD860F /* Sources */,
				BB84812825910AEB00CD860F /* Frameworks */,
				BB84812925910AEB00CD860F /* Resources */,
				DA45F06E130597A4DC7E353C /* [CP] Embed Pods Frameworks */,
			);
			buildRules = (
			);
			dependencies = (
				BB84812D25910AEB00CD860F /* PBXTargetDependency */,
			);
			name = Stage2_Lection1a_AntonChebaniukUITests;
			productName = Stage2_Lection1a_AntonChebaniukUITests;
			productReference = BB84812B25910AEB00CD860F /* Stage2_Lection1a_AntonChebaniukUITests.xctest */;
			productType = "com.apple.product-type.bundle.ui-testing";
		};
/* End PBXNativeTarget section */

/* Begin PBXProject section */
		BB84810225910AEA00CD860F /* Project object */ = {
			isa = PBXProject;
			attributes = {
				LastSwiftUpdateCheck = 1230;
				LastUpgradeCheck = 1230;
				TargetAttributes = {
					BB84810925910AEA00CD860F = {
						CreatedOnToolsVersion = 12.3;
					};
					BB84811F25910AEB00CD860F = {
						CreatedOnToolsVersion = 12.3;
						TestTargetID = BB84810925910AEA00CD860F;
					};
					BB84812A25910AEB00CD860F = {
						CreatedOnToolsVersion = 12.3;
						TestTargetID = BB84810925910AEA00CD860F;
					};
				};
			};
			buildConfigurationList = BB84810525910AEA00CD860F /* Build configuration list for PBXProject "Stage2_Lection1a_AntonChebaniuk" */;
			compatibilityVersion = "Xcode 9.3";
			developmentRegion = en;
			hasScannedForEncodings = 0;
			knownRegions = (
				en,
				Base,
			);
			mainGroup = BB84810125910AEA00CD860F;
			productRefGroup = BB84810B25910AEA00CD860F /* Products */;
			projectDirPath = "";
			projectRoot = "";
			targets = (
				BB84810925910AEA00CD860F /* Stage2_Lection1a_AntonChebaniuk */,
				BB84811F25910AEB00CD860F /* Stage2_Lection1a_AntonChebaniukTests */,
				BB84812A25910AEB00CD860F /* Stage2_Lection1a_AntonChebaniukUITests */,
			);
		};
/* End PBXProject section */

/* Begin PBXResourcesBuildPhase section */
		BB84810825910AEA00CD860F /* Resources */ = {
			isa = PBXResourcesBuildPhase;
			buildActionMask = 2147483647;
			files = (
				BB84811A25910AEB00CD860F /* LaunchScreen.storyboard in Resources */,
				BB372ECF25BF5FC900D5FFF9 /* HeaderView.xib in Resources */,
				BB84811725910AEB00CD860F /* Assets.xcassets in Resources */,
				BB8ABA1325BDEDB600ED0D60 /* NewsTableViewCell.xib in Resources */,
				BB84811525910AEA00CD860F /* Main.storyboard in Resources */,
			);
			runOnlyForDeploymentPostprocessing = 0;
		};
		BB84811E25910AEB00CD860F /* Resources */ = {
			isa = PBXResourcesBuildPhase;
			buildActionMask = 2147483647;
			files = (
			);
			runOnlyForDeploymentPostprocessing = 0;
		};
		BB84812925910AEB00CD860F /* Resources */ = {
			isa = PBXResourcesBuildPhase;
			buildActionMask = 2147483647;
			files = (
			);
			runOnlyForDeploymentPostprocessing = 0;
		};
/* End PBXResourcesBuildPhase section */

/* Begin PBXShellScriptBuildPhase section */
		006C961BB487196132964418 /* [CP] Embed Pods Frameworks */ = {
			isa = PBXShellScriptBuildPhase;
			buildActionMask = 2147483647;
			files = (
			);
			inputFileListPaths = (
				"${PODS_ROOT}/Target Support Files/Pods-Stage2_Lection1a_AntonChebaniuk/Pods-Stage2_Lection1a_AntonChebaniuk-frameworks-${CONFIGURATION}-input-files.xcfilelist",
			);
			name = "[CP] Embed Pods Frameworks";
			outputFileListPaths = (
				"${PODS_ROOT}/Target Support Files/Pods-Stage2_Lection1a_AntonChebaniuk/Pods-Stage2_Lection1a_AntonChebaniuk-frameworks-${CONFIGURATION}-output-files.xcfilelist",
			);
			runOnlyForDeploymentPostprocessing = 0;
			shellPath = /bin/sh;
			shellScript = "\"${PODS_ROOT}/Target Support Files/Pods-Stage2_Lection1a_AntonChebaniuk/Pods-Stage2_Lection1a_AntonChebaniuk-frameworks.sh\"\n";
			showEnvVarsInLog = 0;
		};
		5C781D431B63D29CC1CA400D /* [CP] Check Pods Manifest.lock */ = {
			isa = PBXShellScriptBuildPhase;
			buildActionMask = 2147483647;
			files = (
			);
			inputFileListPaths = (
			);
			inputPaths = (
				"${PODS_PODFILE_DIR_PATH}/Podfile.lock",
				"${PODS_ROOT}/Manifest.lock",
			);
			name = "[CP] Check Pods Manifest.lock";
			outputFileListPaths = (
			);
			outputPaths = (
				"$(DERIVED_FILE_DIR)/Pods-Stage2_Lection1a_AntonChebaniuk-Stage2_Lection1a_AntonChebaniukUITests-checkManifestLockResult.txt",
			);
			runOnlyForDeploymentPostprocessing = 0;
			shellPath = /bin/sh;
			shellScript = "diff \"${PODS_PODFILE_DIR_PATH}/Podfile.lock\" \"${PODS_ROOT}/Manifest.lock\" > /dev/null\nif [ $? != 0 ] ; then\n    # print error to STDERR\n    echo \"error: The sandbox is not in sync with the Podfile.lock. Run 'pod install' or update your CocoaPods installation.\" >&2\n    exit 1\nfi\n# This output is used by Xcode 'outputs' to avoid re-running this script phase.\necho \"SUCCESS\" > \"${SCRIPT_OUTPUT_FILE_0}\"\n";
			showEnvVarsInLog = 0;
		};
		614E858F19831ED8BAB427F8 /* [CP] Check Pods Manifest.lock */ = {
			isa = PBXShellScriptBuildPhase;
			buildActionMask = 2147483647;
			files = (
			);
			inputFileListPaths = (
			);
			inputPaths = (
				"${PODS_PODFILE_DIR_PATH}/Podfile.lock",
				"${PODS_ROOT}/Manifest.lock",
			);
			name = "[CP] Check Pods Manifest.lock";
			outputFileListPaths = (
			);
			outputPaths = (
				"$(DERIVED_FILE_DIR)/Pods-Stage2_Lection1a_AntonChebaniukTests-checkManifestLockResult.txt",
			);
			runOnlyForDeploymentPostprocessing = 0;
			shellPath = /bin/sh;
			shellScript = "diff \"${PODS_PODFILE_DIR_PATH}/Podfile.lock\" \"${PODS_ROOT}/Manifest.lock\" > /dev/null\nif [ $? != 0 ] ; then\n    # print error to STDERR\n    echo \"error: The sandbox is not in sync with the Podfile.lock. Run 'pod install' or update your CocoaPods installation.\" >&2\n    exit 1\nfi\n# This output is used by Xcode 'outputs' to avoid re-running this script phase.\necho \"SUCCESS\" > \"${SCRIPT_OUTPUT_FILE_0}\"\n";
			showEnvVarsInLog = 0;
		};
		79AE3313D20F1C3A12DA1290 /* [CP] Check Pods Manifest.lock */ = {
			isa = PBXShellScriptBuildPhase;
			buildActionMask = 2147483647;
			files = (
			);
			inputFileListPaths = (
			);
			inputPaths = (
				"${PODS_PODFILE_DIR_PATH}/Podfile.lock",
				"${PODS_ROOT}/Manifest.lock",
			);
			name = "[CP] Check Pods Manifest.lock";
			outputFileListPaths = (
			);
			outputPaths = (
				"$(DERIVED_FILE_DIR)/Pods-Stage2_Lection1a_AntonChebaniuk-checkManifestLockResult.txt",
			);
			runOnlyForDeploymentPostprocessing = 0;
			shellPath = /bin/sh;
			shellScript = "diff \"${PODS_PODFILE_DIR_PATH}/Podfile.lock\" \"${PODS_ROOT}/Manifest.lock\" > /dev/null\nif [ $? != 0 ] ; then\n    # print error to STDERR\n    echo \"error: The sandbox is not in sync with the Podfile.lock. Run 'pod install' or update your CocoaPods installation.\" >&2\n    exit 1\nfi\n# This output is used by Xcode 'outputs' to avoid re-running this script phase.\necho \"SUCCESS\" > \"${SCRIPT_OUTPUT_FILE_0}\"\n";
			showEnvVarsInLog = 0;
		};
		DA45F06E130597A4DC7E353C /* [CP] Embed Pods Frameworks */ = {
			isa = PBXShellScriptBuildPhase;
			buildActionMask = 2147483647;
			files = (
			);
			inputFileListPaths = (
				"${PODS_ROOT}/Target Support Files/Pods-Stage2_Lection1a_AntonChebaniuk-Stage2_Lection1a_AntonChebaniukUITests/Pods-Stage2_Lection1a_AntonChebaniuk-Stage2_Lection1a_AntonChebaniukUITests-frameworks-${CONFIGURATION}-input-files.xcfilelist",
			);
			name = "[CP] Embed Pods Frameworks";
			outputFileListPaths = (
				"${PODS_ROOT}/Target Support Files/Pods-Stage2_Lection1a_AntonChebaniuk-Stage2_Lection1a_AntonChebaniukUITests/Pods-Stage2_Lection1a_AntonChebaniuk-Stage2_Lection1a_AntonChebaniukUITests-frameworks-${CONFIGURATION}-output-files.xcfilelist",
			);
			runOnlyForDeploymentPostprocessing = 0;
			shellPath = /bin/sh;
			shellScript = "\"${PODS_ROOT}/Target Support Files/Pods-Stage2_Lection1a_AntonChebaniuk-Stage2_Lection1a_AntonChebaniukUITests/Pods-Stage2_Lection1a_AntonChebaniuk-Stage2_Lection1a_AntonChebaniukUITests-frameworks.sh\"\n";
			showEnvVarsInLog = 0;
		};
/* End PBXShellScriptBuildPhase section */

/* Begin PBXSourcesBuildPhase section */
		BB84810625910AEA00CD860F /* Sources */ = {
			isa = PBXSourcesBuildPhase;
			buildActionMask = 2147483647;
			files = (
				BBCB617925D1E8BE009A8179 /* Session.swift in Sources */,
				BB4C5EBC25E7D2BC00E918B7 /* GroupDecodingVK.swift in Sources */,
				BB5E6EFE25C1EE3A00C35968 /* AnimateViewController.swift in Sources */,
				BB63A3FD25DC4924004388DE /* VKSession.swift in Sources */,
				BBCB616825D1E749009A8179 /* LastViewController.swift in Sources */,
				BB9B185725BE2B0200245BDA /* NumberOfViewsControl.swift in Sources */,
				BBAF864725B0D0360084947C /* TestViewController.swift in Sources */,
				BB4C5EC425E7D2E400E918B7 /* FriendsDecodingVK.swift in Sources */,
				BB3B361E259A6F660011397E /* FriendsTableViewCell.swift in Sources */,
				BB8ABA1225BDEDB600ED0D60 /* NewsTableViewCell.swift in Sources */,
				BB9B26BB259A822000686EA6 /* PersonalPageCollectionViewController.swift in Sources */,
				BB93817F259A1B8900E6328E /* GroupsTableViewCell.swift in Sources */,
				BBE298F025D1FC75008278E9 /* WatcherViewController.swift in Sources */,
				BBD6E9D3259A331A00FE8C1C /* MyGroupsTableViewController.swift in Sources */,
				BBBD2C7825DEC6250059CD50 /* NetworkManager.swift in Sources */,
				BB4C5EB725E7D2AE00E918B7 /* PhotoDecodingVK.swift in Sources */,
				BBCB617125D1E860009A8179 /* FirstViewController.swift in Sources */,
				BB426D2325AE5082004B6C85 /* Groups.swift in Sources */,
				60C7792625B5C0A600C0138D /* Days.swift in Sources */,
				BB2828F025B4C82F007FF4E9 /* GradientView.swift in Sources */,
				BBE24BAA25B4E268006E1699 /* PhotoView.swift in Sources */,
				BB9E51DD25D1ED2000B82E35 /* UserSession.swift in Sources */,
				BBAF865025B0E13A0084947C /* TestView.swift in Sources */,
				BB147499259E522B00F82D68 /* Users.swift in Sources */,
				BB7BE85225B4CF4100E6BF0F /* LikeViewController.swift in Sources */,
				BB84814425910B2A00CD860F /* LoginFormController.swift in Sources */,
				BB3BF76D25B7778F0058C7C1 /* RegistrationViewController.swift in Sources */,
				BB6B51D725BB32FF00B1D8D0 /* NewsTableViewController.swift in Sources */,
				BB137F9625C02E0300657104 /* FriendsViewController.swift in Sources */,
				BB58323125C86F0800BF9085 /* LoadingViewController.swift in Sources */,
				BB48CFB2259A169600D2E69F /* GroupsTableViewController.swift in Sources */,
				BB8CD1D125BE0083008AF6A1 /* News.swift in Sources */,
				BB372ECA25BF58B400D5FFF9 /* HeaderView.swift in Sources */,
				BB21E6E125BE30BD00F52D03 /* NewsButtonsControl.swift in Sources */,
				BBAEA4B725D9891E00DDCA04 /* VKViewController.swift in Sources */,
				BB84810E25910AEA00CD860F /* AppDelegate.swift in Sources */,
				BB84811025910AEA00CD860F /* SceneDelegate.swift in Sources */,
				BB9B184225BE1FB300245BDA /* BigImageView.swift in Sources */,
				BB9315A025B5EB3D009531F5 /* DayPicker.swift in Sources */,
				BB6BCBEC259A3E7E00E39310 /* MyGroupsTableViewCell.swift in Sources */,
				BB9B26C4259A861400686EA6 /* PersonalCollectionViewCell.swift in Sources */,
				BB7E5EB125C47E050021244C /* ProgressBarViewController.swift in Sources */,
				BB9315A525B6164A009531F5 /* LikeLogics.swift in Sources */,
			);
			runOnlyForDeploymentPostprocessing = 0;
		};
		BB84811C25910AEB00CD860F /* Sources */ = {
			isa = PBXSourcesBuildPhase;
			buildActionMask = 2147483647;
			files = (
				BB84812525910AEB00CD860F /* Stage2_Lection1a_AntonChebaniukTests.swift in Sources */,
			);
			runOnlyForDeploymentPostprocessing = 0;
		};
		BB84812725910AEB00CD860F /* Sources */ = {
			isa = PBXSourcesBuildPhase;
			buildActionMask = 2147483647;
			files = (
				BB84813025910AEB00CD860F /* Stage2_Lection1a_AntonChebaniukUITests.swift in Sources */,
			);
			runOnlyForDeploymentPostprocessing = 0;
		};
/* End PBXSourcesBuildPhase section */

/* Begin PBXTargetDependency section */
		BB84812225910AEB00CD860F /* PBXTargetDependency */ = {
			isa = PBXTargetDependency;
			target = BB84810925910AEA00CD860F /* Stage2_Lection1a_AntonChebaniuk */;
			targetProxy = BB84812125910AEB00CD860F /* PBXContainerItemProxy */;
		};
		BB84812D25910AEB00CD860F /* PBXTargetDependency */ = {
			isa = PBXTargetDependency;
			target = BB84810925910AEA00CD860F /* Stage2_Lection1a_AntonChebaniuk */;
			targetProxy = BB84812C25910AEB00CD860F /* PBXContainerItemProxy */;
		};
/* End PBXTargetDependency section */

/* Begin PBXVariantGroup section */
		BB84811325910AEA00CD860F /* Main.storyboard */ = {
			isa = PBXVariantGroup;
			children = (
				BB84811425910AEA00CD860F /* Base */,
			);
			name = Main.storyboard;
			sourceTree = "<group>";
		};
		BB84811825910AEB00CD860F /* LaunchScreen.storyboard */ = {
			isa = PBXVariantGroup;
			children = (
				BB84811925910AEB00CD860F /* Base */,
			);
			name = LaunchScreen.storyboard;
			sourceTree = "<group>";
		};
/* End PBXVariantGroup section */

/* Begin XCBuildConfiguration section */
		BB84813225910AEB00CD860F /* Debug */ = {
			isa = XCBuildConfiguration;
			buildSettings = {
				ALWAYS_SEARCH_USER_PATHS = NO;
				CLANG_ANALYZER_NONNULL = YES;
				CLANG_ANALYZER_NUMBER_OBJECT_CONVERSION = YES_AGGRESSIVE;
				CLANG_CXX_LANGUAGE_STANDARD = "gnu++14";
				CLANG_CXX_LIBRARY = "libc++";
				CLANG_ENABLE_MODULES = YES;
				CLANG_ENABLE_OBJC_ARC = YES;
				CLANG_ENABLE_OBJC_WEAK = YES;
				CLANG_WARN_BLOCK_CAPTURE_AUTORELEASING = YES;
				CLANG_WARN_BOOL_CONVERSION = YES;
				CLANG_WARN_COMMA = YES;
				CLANG_WARN_CONSTANT_CONVERSION = YES;
				CLANG_WARN_DEPRECATED_OBJC_IMPLEMENTATIONS = YES;
				CLANG_WARN_DIRECT_OBJC_ISA_USAGE = YES_ERROR;
				CLANG_WARN_DOCUMENTATION_COMMENTS = YES;
				CLANG_WARN_EMPTY_BODY = YES;
				CLANG_WARN_ENUM_CONVERSION = YES;
				CLANG_WARN_INFINITE_RECURSION = YES;
				CLANG_WARN_INT_CONVERSION = YES;
				CLANG_WARN_NON_LITERAL_NULL_CONVERSION = YES;
				CLANG_WARN_OBJC_IMPLICIT_RETAIN_SELF = YES;
				CLANG_WARN_OBJC_LITERAL_CONVERSION = YES;
				CLANG_WARN_OBJC_ROOT_CLASS = YES_ERROR;
				CLANG_WARN_QUOTED_INCLUDE_IN_FRAMEWORK_HEADER = YES;
				CLANG_WARN_RANGE_LOOP_ANALYSIS = YES;
				CLANG_WARN_STRICT_PROTOTYPES = YES;
				CLANG_WARN_SUSPICIOUS_MOVE = YES;
				CLANG_WARN_UNGUARDED_AVAILABILITY = YES_AGGRESSIVE;
				CLANG_WARN_UNREACHABLE_CODE = YES;
				CLANG_WARN__DUPLICATE_METHOD_MATCH = YES;
				COPY_PHASE_STRIP = NO;
				DEBUG_INFORMATION_FORMAT = dwarf;
				ENABLE_STRICT_OBJC_MSGSEND = YES;
				ENABLE_TESTABILITY = YES;
				GCC_C_LANGUAGE_STANDARD = gnu11;
				GCC_DYNAMIC_NO_PIC = NO;
				GCC_NO_COMMON_BLOCKS = YES;
				GCC_OPTIMIZATION_LEVEL = 0;
				GCC_PREPROCESSOR_DEFINITIONS = (
					"DEBUG=1",
					"$(inherited)",
				);
				GCC_WARN_64_TO_32_BIT_CONVERSION = YES;
				GCC_WARN_ABOUT_RETURN_TYPE = YES_ERROR;
				GCC_WARN_UNDECLARED_SELECTOR = YES;
				GCC_WARN_UNINITIALIZED_AUTOS = YES_AGGRESSIVE;
				GCC_WARN_UNUSED_FUNCTION = YES;
				GCC_WARN_UNUSED_VARIABLE = YES;
				IPHONEOS_DEPLOYMENT_TARGET = 14.3;
				MTL_ENABLE_DEBUG_INFO = INCLUDE_SOURCE;
				MTL_FAST_MATH = YES;
				ONLY_ACTIVE_ARCH = YES;
				SDKROOT = iphoneos;
				SWIFT_ACTIVE_COMPILATION_CONDITIONS = DEBUG;
				SWIFT_OPTIMIZATION_LEVEL = "-Onone";
			};
			name = Debug;
		};
		BB84813325910AEB00CD860F /* Release */ = {
			isa = XCBuildConfiguration;
			buildSettings = {
				ALWAYS_SEARCH_USER_PATHS = NO;
				CLANG_ANALYZER_NONNULL = YES;
				CLANG_ANALYZER_NUMBER_OBJECT_CONVERSION = YES_AGGRESSIVE;
				CLANG_CXX_LANGUAGE_STANDARD = "gnu++14";
				CLANG_CXX_LIBRARY = "libc++";
				CLANG_ENABLE_MODULES = YES;
				CLANG_ENABLE_OBJC_ARC = YES;
				CLANG_ENABLE_OBJC_WEAK = YES;
				CLANG_WARN_BLOCK_CAPTURE_AUTORELEASING = YES;
				CLANG_WARN_BOOL_CONVERSION = YES;
				CLANG_WARN_COMMA = YES;
				CLANG_WARN_CONSTANT_CONVERSION = YES;
				CLANG_WARN_DEPRECATED_OBJC_IMPLEMENTATIONS = YES;
				CLANG_WARN_DIRECT_OBJC_ISA_USAGE = YES_ERROR;
				CLANG_WARN_DOCUMENTATION_COMMENTS = YES;
				CLANG_WARN_EMPTY_BODY = YES;
				CLANG_WARN_ENUM_CONVERSION = YES;
				CLANG_WARN_INFINITE_RECURSION = YES;
				CLANG_WARN_INT_CONVERSION = YES;
				CLANG_WARN_NON_LITERAL_NULL_CONVERSION = YES;
				CLANG_WARN_OBJC_IMPLICIT_RETAIN_SELF = YES;
				CLANG_WARN_OBJC_LITERAL_CONVERSION = YES;
				CLANG_WARN_OBJC_ROOT_CLASS = YES_ERROR;
				CLANG_WARN_QUOTED_INCLUDE_IN_FRAMEWORK_HEADER = YES;
				CLANG_WARN_RANGE_LOOP_ANALYSIS = YES;
				CLANG_WARN_STRICT_PROTOTYPES = YES;
				CLANG_WARN_SUSPICIOUS_MOVE = YES;
				CLANG_WARN_UNGUARDED_AVAILABILITY = YES_AGGRESSIVE;
				CLANG_WARN_UNREACHABLE_CODE = YES;
				CLANG_WARN__DUPLICATE_METHOD_MATCH = YES;
				COPY_PHASE_STRIP = NO;
				DEBUG_INFORMATION_FORMAT = "dwarf-with-dsym";
				ENABLE_NS_ASSERTIONS = NO;
				ENABLE_STRICT_OBJC_MSGSEND = YES;
				GCC_C_LANGUAGE_STANDARD = gnu11;
				GCC_NO_COMMON_BLOCKS = YES;
				GCC_WARN_64_TO_32_BIT_CONVERSION = YES;
				GCC_WARN_ABOUT_RETURN_TYPE = YES_ERROR;
				GCC_WARN_UNDECLARED_SELECTOR = YES;
				GCC_WARN_UNINITIALIZED_AUTOS = YES_AGGRESSIVE;
				GCC_WARN_UNUSED_FUNCTION = YES;
				GCC_WARN_UNUSED_VARIABLE = YES;
				IPHONEOS_DEPLOYMENT_TARGET = 14.3;
				MTL_ENABLE_DEBUG_INFO = NO;
				MTL_FAST_MATH = YES;
				SDKROOT = iphoneos;
				SWIFT_COMPILATION_MODE = wholemodule;
				SWIFT_OPTIMIZATION_LEVEL = "-O";
				VALIDATE_PRODUCT = YES;
			};
			name = Release;
		};
		BB84813525910AEB00CD860F /* Debug */ = {
			isa = XCBuildConfiguration;
			baseConfigurationReference = 611CE8796EAB135BACB5B0E5 /* Pods-Stage2_Lection1a_AntonChebaniuk.debug.xcconfig */;
			buildSettings = {
				ASSETCATALOG_COMPILER_APPICON_NAME = AppIcon;
				ASSETCATALOG_COMPILER_GLOBAL_ACCENT_COLOR_NAME = AccentColor;
				CODE_SIGN_STYLE = Automatic;
				DEVELOPMENT_TEAM = 8KK837P6CF;
				INFOPLIST_FILE = Stage2_Lection1a_AntonChebaniuk/Info.plist;
				LD_RUNPATH_SEARCH_PATHS = (
					"$(inherited)",
					"@executable_path/Frameworks",
				);
				PRODUCT_BUNDLE_IDENTIFIER = "AntonChebaniuk.Stage2-Lection1a-AntonChebaniuk";
				PRODUCT_NAME = "$(TARGET_NAME)";
				SWIFT_VERSION = 5.0;
				TARGETED_DEVICE_FAMILY = "1,2";
			};
			name = Debug;
		};
		BB84813625910AEB00CD860F /* Release */ = {
			isa = XCBuildConfiguration;
			baseConfigurationReference = C098598BAE39B2E846B53C3D /* Pods-Stage2_Lection1a_AntonChebaniuk.release.xcconfig */;
			buildSettings = {
				ASSETCATALOG_COMPILER_APPICON_NAME = AppIcon;
				ASSETCATALOG_COMPILER_GLOBAL_ACCENT_COLOR_NAME = AccentColor;
				CODE_SIGN_STYLE = Automatic;
				DEVELOPMENT_TEAM = 8KK837P6CF;
				INFOPLIST_FILE = Stage2_Lection1a_AntonChebaniuk/Info.plist;
				LD_RUNPATH_SEARCH_PATHS = (
					"$(inherited)",
					"@executable_path/Frameworks",
				);
				PRODUCT_BUNDLE_IDENTIFIER = "AntonChebaniuk.Stage2-Lection1a-AntonChebaniuk";
				PRODUCT_NAME = "$(TARGET_NAME)";
				SWIFT_VERSION = 5.0;
				TARGETED_DEVICE_FAMILY = "1,2";
			};
			name = Release;
		};
		BB84813825910AEB00CD860F /* Debug */ = {
			isa = XCBuildConfiguration;
			baseConfigurationReference = 834611E412E6578CE3E71B9C /* Pods-Stage2_Lection1a_AntonChebaniukTests.debug.xcconfig */;
			buildSettings = {
				ALWAYS_EMBED_SWIFT_STANDARD_LIBRARIES = YES;
				BUNDLE_LOADER = "$(TEST_HOST)";
				CODE_SIGN_STYLE = Automatic;
				INFOPLIST_FILE = Stage2_Lection1a_AntonChebaniukTests/Info.plist;
				IPHONEOS_DEPLOYMENT_TARGET = 14.3;
				LD_RUNPATH_SEARCH_PATHS = (
					"$(inherited)",
					"@executable_path/Frameworks",
					"@loader_path/Frameworks",
				);
				PRODUCT_BUNDLE_IDENTIFIER = "AntonChebaniuk.Stage2-Lection1a-AntonChebaniukTests";
				PRODUCT_NAME = "$(TARGET_NAME)";
				SWIFT_VERSION = 5.0;
				TARGETED_DEVICE_FAMILY = "1,2";
				TEST_HOST = "$(BUILT_PRODUCTS_DIR)/Stage2_Lection1a_AntonChebaniuk.app/Stage2_Lection1a_AntonChebaniuk";
			};
			name = Debug;
		};
		BB84813925910AEB00CD860F /* Release */ = {
			isa = XCBuildConfiguration;
			baseConfigurationReference = 2A5A6D2FAFCFC3260318E194 /* Pods-Stage2_Lection1a_AntonChebaniukTests.release.xcconfig */;
			buildSettings = {
				ALWAYS_EMBED_SWIFT_STANDARD_LIBRARIES = YES;
				BUNDLE_LOADER = "$(TEST_HOST)";
				CODE_SIGN_STYLE = Automatic;
				INFOPLIST_FILE = Stage2_Lection1a_AntonChebaniukTests/Info.plist;
				IPHONEOS_DEPLOYMENT_TARGET = 14.3;
				LD_RUNPATH_SEARCH_PATHS = (
					"$(inherited)",
					"@executable_path/Frameworks",
					"@loader_path/Frameworks",
				);
				PRODUCT_BUNDLE_IDENTIFIER = "AntonChebaniuk.Stage2-Lection1a-AntonChebaniukTests";
				PRODUCT_NAME = "$(TARGET_NAME)";
				SWIFT_VERSION = 5.0;
				TARGETED_DEVICE_FAMILY = "1,2";
				TEST_HOST = "$(BUILT_PRODUCTS_DIR)/Stage2_Lection1a_AntonChebaniuk.app/Stage2_Lection1a_AntonChebaniuk";
			};
			name = Release;
		};
		BB84813B25910AEB00CD860F /* Debug */ = {
			isa = XCBuildConfiguration;
			baseConfigurationReference = 2636B2D225ABA4F3643C7038 /* Pods-Stage2_Lection1a_AntonChebaniuk-Stage2_Lection1a_AntonChebaniukUITests.debug.xcconfig */;
			buildSettings = {
				ALWAYS_EMBED_SWIFT_STANDARD_LIBRARIES = YES;
				CODE_SIGN_STYLE = Automatic;
				INFOPLIST_FILE = Stage2_Lection1a_AntonChebaniukUITests/Info.plist;
				LD_RUNPATH_SEARCH_PATHS = (
					"$(inherited)",
					"@executable_path/Frameworks",
					"@loader_path/Frameworks",
				);
				PRODUCT_BUNDLE_IDENTIFIER = "AntonChebaniuk.Stage2-Lection1a-AntonChebaniukUITests";
				PRODUCT_NAME = "$(TARGET_NAME)";
				SWIFT_VERSION = 5.0;
				TARGETED_DEVICE_FAMILY = "1,2";
				TEST_TARGET_NAME = Stage2_Lection1a_AntonChebaniuk;
			};
			name = Debug;
		};
		BB84813C25910AEB00CD860F /* Release */ = {
			isa = XCBuildConfiguration;
			baseConfigurationReference = 53C63B626657062CF5589F28 /* Pods-Stage2_Lection1a_AntonChebaniuk-Stage2_Lection1a_AntonChebaniukUITests.release.xcconfig */;
			buildSettings = {
				ALWAYS_EMBED_SWIFT_STANDARD_LIBRARIES = YES;
				CODE_SIGN_STYLE = Automatic;
				INFOPLIST_FILE = Stage2_Lection1a_AntonChebaniukUITests/Info.plist;
				LD_RUNPATH_SEARCH_PATHS = (
					"$(inherited)",
					"@executable_path/Frameworks",
					"@loader_path/Frameworks",
				);
				PRODUCT_BUNDLE_IDENTIFIER = "AntonChebaniuk.Stage2-Lection1a-AntonChebaniukUITests";
				PRODUCT_NAME = "$(TARGET_NAME)";
				SWIFT_VERSION = 5.0;
				TARGETED_DEVICE_FAMILY = "1,2";
				TEST_TARGET_NAME = Stage2_Lection1a_AntonChebaniuk;
			};
			name = Release;
		};
/* End XCBuildConfiguration section */

/* Begin XCConfigurationList section */
		BB84810525910AEA00CD860F /* Build configuration list for PBXProject "Stage2_Lection1a_AntonChebaniuk" */ = {
			isa = XCConfigurationList;
			buildConfigurations = (
				BB84813225910AEB00CD860F /* Debug */,
				BB84813325910AEB00CD860F /* Release */,
			);
			defaultConfigurationIsVisible = 0;
			defaultConfigurationName = Release;
		};
		BB84813425910AEB00CD860F /* Build configuration list for PBXNativeTarget "Stage2_Lection1a_AntonChebaniuk" */ = {
			isa = XCConfigurationList;
			buildConfigurations = (
				BB84813525910AEB00CD860F /* Debug */,
				BB84813625910AEB00CD860F /* Release */,
			);
			defaultConfigurationIsVisible = 0;
			defaultConfigurationName = Release;
		};
		BB84813725910AEB00CD860F /* Build configuration list for PBXNativeTarget "Stage2_Lection1a_AntonChebaniukTests" */ = {
			isa = XCConfigurationList;
			buildConfigurations = (
				BB84813825910AEB00CD860F /* Debug */,
				BB84813925910AEB00CD860F /* Release */,
			);
			defaultConfigurationIsVisible = 0;
			defaultConfigurationName = Release;
		};
		BB84813A25910AEB00CD860F /* Build configuration list for PBXNativeTarget "Stage2_Lection1a_AntonChebaniukUITests" */ = {
			isa = XCConfigurationList;
			buildConfigurations = (
				BB84813B25910AEB00CD860F /* Debug */,
				BB84813C25910AEB00CD860F /* Release */,
			);
			defaultConfigurationIsVisible = 0;
			defaultConfigurationName = Release;
		};
/* End XCConfigurationList section */
	};
	rootObject = BB84810225910AEA00CD860F /* Project object */;
}
